
Microsoft Visual Studio Solution File, Format Version 12.00
# Visual Studio Version 17
VisualStudioVersion = 17.5.33627.172
MinimumVisualStudioVersion = 10.0.40219.1
Project("{FAE04EC0-301F-11D3-BF4B-00C04F79EFBC}") = "Abc041124", "Abc041124\Abc041124.csproj", "{272A779C-6FB2-43B5-B386-D36C8F52B96E}"
EndProject
Global
	GlobalSection(SolutionConfigurationPlatforms) = preSolution
		Debug|Any CPU = Debug|Any CPU
		Release|Any CPU = Release|Any CPU
	EndGlobalSection
	GlobalSection(ProjectConfigurationPlatforms) = postSolution
		{272A779C-6FB2-43B5-B386-D36C8F52B96E}.Debug|Any CPU.ActiveCfg = Debug|Any CPU
		{272A779C-6FB2-43B5-B386-D36C8F52B96E}.Debug|Any CPU.Build.0 = Debug|Any CPU
		{272A779C-6FB2-43B5-B386-D36C8F52B96E}.Release|Any CPU.ActiveCfg = Release|Any CPU
		{272A779C-6FB2-43B5-B386-D36C8F52B96E}.Release|Any CPU.Build.0 = Release|Any CPU
	EndGlobalSection
	GlobalSection(SolutionProperties) = preSolution
		HideSolutionNode = FALSE
	EndGlobalSection
	GlobalSection(ExtensibilityGlobals) = postSolution
		SolutionGuid = {ED2B6825-B0FC-43E2-A5A4-9CC8A7EDF004}
	EndGlobalSection
EndGlobal
